
Microsoft Visual Studio Solution File, Format Version 12.00
# Visual Studio Version 16
VisualStudioVersion = 16.0.808.8
MinimumVisualStudioVersion = 10.0.40219.1
Project("{FAE04EC0-301F-11D3-BF4B-00C04F79EFBC}") = "teamsConsole", "teamsConsole\teamsConsole.csproj", "{C6C76587-4D8A-459E-B4DC-8E89DE8D77AA}"
EndProject
Global
	GlobalSection(SolutionConfigurationPlatforms) = preSolution
		Debug|Any CPU = Debug|Any CPU
		Release|Any CPU = Release|Any CPU
	EndGlobalSection
	GlobalSection(ProjectConfigurationPlatforms) = postSolution
		{C6C76587-4D8A-459E-B4DC-8E89DE8D77AA}.Debug|Any CPU.ActiveCfg = Debug|Any CPU
		{C6C76587-4D8A-459E-B4DC-8E89DE8D77AA}.Debug|Any CPU.Build.0 = Debug|Any CPU
		{C6C76587-4D8A-459E-B4DC-8E89DE8D77AA}.Release|Any CPU.ActiveCfg = Release|Any CPU
		{C6C76587-4D8A-459E-B4DC-8E89DE8D77AA}.Release|Any CPU.Build.0 = Release|Any CPU
	EndGlobalSection
	GlobalSection(SolutionProperties) = preSolution
		HideSolutionNode = FALSE
	EndGlobalSection
	GlobalSection(ExtensibilityGlobals) = postSolution
		SolutionGuid = {BEF6083D-993F-475A-A757-A40602C64839}
	EndGlobalSection
EndGlobal
